
Microsoft Visual Studio Solution File, Format Version 12.00
# Visual Studio 15
VisualStudioVersion = 15.0.26730.16
MinimumVisualStudioVersion = 10.0.40219.1
Project("{FAE04EC0-301F-11D3-BF4B-00C04F79EFBC}") = "KursakAspNet3", "KursakAspNet3\KursakAspNet3.csproj", "{9ABE9E2B-E4D7-42EC-A597-56748CE75389}"
EndProject
Project("{FAE04EC0-301F-11D3-BF4B-00C04F79EFBC}") = "DAL", "DAL\DAL.csproj", "{5415D463-A735-4A3F-85EB-310863CE7DCC}"
EndProject
Project("{FAE04EC0-301F-11D3-BF4B-00C04F79EFBC}") = "BLL", "BLL\BLL.csproj", "{73F8D985-99AB-40A7-A5F5-C1CC8BDC04B0}"
EndProject
Global
	GlobalSection(SolutionConfigurationPlatforms) = preSolution
		Debug|Any CPU = Debug|Any CPU
		Release|Any CPU = Release|Any CPU
	EndGlobalSection
	GlobalSection(ProjectConfigurationPlatforms) = postSolution
		{9ABE9E2B-E4D7-42EC-A597-56748CE75389}.Debug|Any CPU.ActiveCfg = Debug|Any CPU
		{9ABE9E2B-E4D7-42EC-A597-56748CE75389}.Debug|Any CPU.Build.0 = Debug|Any CPU
		{9ABE9E2B-E4D7-42EC-A597-56748CE75389}.Release|Any CPU.ActiveCfg = Release|Any CPU
		{9ABE9E2B-E4D7-42EC-A597-56748CE75389}.Release|Any CPU.Build.0 = Release|Any CPU
		{5415D463-A735-4A3F-85EB-310863CE7DCC}.Debug|Any CPU.ActiveCfg = Debug|Any CPU
		{5415D463-A735-4A3F-85EB-310863CE7DCC}.Debug|Any CPU.Build.0 = Debug|Any CPU
		{5415D463-A735-4A3F-85EB-310863CE7DCC}.Release|Any CPU.ActiveCfg = Release|Any CPU
		{5415D463-A735-4A3F-85EB-310863CE7DCC}.Release|Any CPU.Build.0 = Release|Any CPU
		{73F8D985-99AB-40A7-A5F5-C1CC8BDC04B0}.Debug|Any CPU.ActiveCfg = Debug|Any CPU
		{73F8D985-99AB-40A7-A5F5-C1CC8BDC04B0}.Debug|Any CPU.Build.0 = Debug|Any CPU
		{73F8D985-99AB-40A7-A5F5-C1CC8BDC04B0}.Release|Any CPU.ActiveCfg = Release|Any CPU
		{73F8D985-99AB-40A7-A5F5-C1CC8BDC04B0}.Release|Any CPU.Build.0 = Release|Any CPU
	EndGlobalSection
	GlobalSection(SolutionProperties) = preSolution
		HideSolutionNode = FALSE
	EndGlobalSection
	GlobalSection(ExtensibilityGlobals) = postSolution
		SolutionGuid = {444C17AD-2F41-4186-9E47-B8F79BE99FDA}
	EndGlobalSection
EndGlobal
